
Microsoft Visual Studio Solution File, Format Version 12.00
# Visual Studio Version 16
VisualStudioVersion = 16.0.29911.84
MinimumVisualStudioVersion = 10.0.40219.1
Project("{FAE04EC0-301F-11D3-BF4B-00C04F79EFBC}") = "Laundry", "Laundry\Laundry.csproj", "{F35E45B6-4F8F-41A6-8CE7-9D3E18006BC4}"
EndProject
Global
	GlobalSection(SolutionConfigurationPlatforms) = preSolution
		Debug|Any CPU = Debug|Any CPU
		Release|Any CPU = Release|Any CPU
	EndGlobalSection
	GlobalSection(ProjectConfigurationPlatforms) = postSolution
		{F35E45B6-4F8F-41A6-8CE7-9D3E18006BC4}.Debug|Any CPU.ActiveCfg = Debug|Any CPU
		{F35E45B6-4F8F-41A6-8CE7-9D3E18006BC4}.Debug|Any CPU.Build.0 = Debug|Any CPU
		{F35E45B6-4F8F-41A6-8CE7-9D3E18006BC4}.Release|Any CPU.ActiveCfg = Release|Any CPU
		{F35E45B6-4F8F-41A6-8CE7-9D3E18006BC4}.Release|Any CPU.Build.0 = Release|Any CPU
	EndGlobalSection
	GlobalSection(SolutionProperties) = preSolution
		HideSolutionNode = FALSE
	EndGlobalSection
	GlobalSection(ExtensibilityGlobals) = postSolution
		SolutionGuid = {8A4C103B-9E20-4712-9D0B-A756534D2D31}
	EndGlobalSection
EndGlobal
